{
    "name": "touchfractal",
    "version": "1.0.5",
    "lockfileVersion": 2,
    "requires": true,
    "packages": {
        "": {
            "name": "touchfractal",
            "version": "1.0.5",
            "funding": [
                {
                    "type": "individual",
                    "url": "https://buymeacoffee.com/hejny"
                },
                {
                    "type": "github",
                    "url": "https://github.com/hejny/touchfractal/blob/main/README.md#%EF%B8%8F-contributing"
                }
            ],
            "license": "Apache-2.0"
        }
    }
}
